
Microsoft Visual Studio Solution File, Format Version 12.00
# Visual Studio Version 16
VisualStudioVersion = 16.0.31613.86
MinimumVisualStudioVersion = 10.0.40219.1
Project("{FAE04EC0-301F-11D3-BF4B-00C04F79EFBC}") = "TestShop", "TestShop\TestShop.csproj", "{43D2AB35-4502-447B-BB57-51FD663E3571}"
EndProject
Global
	GlobalSection(SolutionConfigurationPlatforms) = preSolution
		Debug|Any CPU = Debug|Any CPU
		Release|Any CPU = Release|Any CPU
	EndGlobalSection
	GlobalSection(ProjectConfigurationPlatforms) = postSolution
		{43D2AB35-4502-447B-BB57-51FD663E3571}.Debug|Any CPU.ActiveCfg = Debug|Any CPU
		{43D2AB35-4502-447B-BB57-51FD663E3571}.Debug|Any CPU.Build.0 = Debug|Any CPU
		{43D2AB35-4502-447B-BB57-51FD663E3571}.Release|Any CPU.ActiveCfg = Release|Any CPU
		{43D2AB35-4502-447B-BB57-51FD663E3571}.Release|Any CPU.Build.0 = Release|Any CPU
	EndGlobalSection
	GlobalSection(SolutionProperties) = preSolution
		HideSolutionNode = FALSE
	EndGlobalSection
	GlobalSection(ExtensibilityGlobals) = postSolution
		SolutionGuid = {4B233D7F-BBC0-4B35-A51D-1E4CC39FA94B}
	EndGlobalSection
EndGlobal
